
Microsoft Visual Studio Solution File, Format Version 12.00
# Visual Studio Version 16
VisualStudioVersion = 16.0.29102.190
MinimumVisualStudioVersion = 10.0.40219.1
Project("{FAE04EC0-301F-11D3-BF4B-00C04F79EFBC}") = "RoleBot", "RoleBot.csproj", "{5E3239C1-633C-4A37-97C1-E0E37B9F399F}"
EndProject
Global
	GlobalSection(SolutionConfigurationPlatforms) = preSolution
		Debug|Any CPU = Debug|Any CPU
		Release|Any CPU = Release|Any CPU
	EndGlobalSection
	GlobalSection(ProjectConfigurationPlatforms) = postSolution
		{5E3239C1-633C-4A37-97C1-E0E37B9F399F}.Debug|Any CPU.ActiveCfg = Debug|Any CPU
		{5E3239C1-633C-4A37-97C1-E0E37B9F399F}.Debug|Any CPU.Build.0 = Debug|Any CPU
		{5E3239C1-633C-4A37-97C1-E0E37B9F399F}.Release|Any CPU.ActiveCfg = Release|Any CPU
		{5E3239C1-633C-4A37-97C1-E0E37B9F399F}.Release|Any CPU.Build.0 = Release|Any CPU
	EndGlobalSection
	GlobalSection(SolutionProperties) = preSolution
		HideSolutionNode = FALSE
	EndGlobalSection
	GlobalSection(ExtensibilityGlobals) = postSolution
		SolutionGuid = {FF7EC44F-5425-44BC-ADE0-0D4F884C0BF7}
	EndGlobalSection
EndGlobal
